
Microsoft Visual Studio Solution File, Format Version 12.00
# Visual Studio Version 17
VisualStudioVersion = 17.11.35327.3
MinimumVisualStudioVersion = 10.0.40219.1
Project("{FAE04EC0-301F-11D3-BF4B-00C04F79EFBC}") = "P9_714230038", "P9_714230038\P9_714230038.csproj", "{F09C44F2-417C-4113-952B-81B7C860E9A8}"
EndProject
Global
	GlobalSection(SolutionConfigurationPlatforms) = preSolution
		Debug|Any CPU = Debug|Any CPU
		Release|Any CPU = Release|Any CPU
	EndGlobalSection
	GlobalSection(ProjectConfigurationPlatforms) = postSolution
		{F09C44F2-417C-4113-952B-81B7C860E9A8}.Debug|Any CPU.ActiveCfg = Debug|Any CPU
		{F09C44F2-417C-4113-952B-81B7C860E9A8}.Debug|Any CPU.Build.0 = Debug|Any CPU
		{F09C44F2-417C-4113-952B-81B7C860E9A8}.Release|Any CPU.ActiveCfg = Release|Any CPU
		{F09C44F2-417C-4113-952B-81B7C860E9A8}.Release|Any CPU.Build.0 = Release|Any CPU
	EndGlobalSection
	GlobalSection(SolutionProperties) = preSolution
		HideSolutionNode = FALSE
	EndGlobalSection
	GlobalSection(ExtensibilityGlobals) = postSolution
		SolutionGuid = {F6D9A788-C0D8-476A-B5E4-1E5E8E4C0EBE}
	EndGlobalSection
EndGlobal
