
Microsoft Visual Studio Solution File, Format Version 12.00
# Visual Studio Version 17
VisualStudioVersion = 17.11.35327.3
MinimumVisualStudioVersion = 10.0.40219.1
Project("{FAE04EC0-301F-11D3-BF4B-00C04F79EFBC}") = "P6_1_714230038", "P6_1_714230038\P6_1_714230038.csproj", "{BF2E098E-D9ED-4EA4-9361-B0C84DB2AB5F}"
EndProject
Global
	GlobalSection(SolutionConfigurationPlatforms) = preSolution
		Debug|Any CPU = Debug|Any CPU
		Release|Any CPU = Release|Any CPU
	EndGlobalSection
	GlobalSection(ProjectConfigurationPlatforms) = postSolution
		{BF2E098E-D9ED-4EA4-9361-B0C84DB2AB5F}.Debug|Any CPU.ActiveCfg = Debug|Any CPU
		{BF2E098E-D9ED-4EA4-9361-B0C84DB2AB5F}.Debug|Any CPU.Build.0 = Debug|Any CPU
		{BF2E098E-D9ED-4EA4-9361-B0C84DB2AB5F}.Release|Any CPU.ActiveCfg = Release|Any CPU
		{BF2E098E-D9ED-4EA4-9361-B0C84DB2AB5F}.Release|Any CPU.Build.0 = Release|Any CPU
	EndGlobalSection
	GlobalSection(SolutionProperties) = preSolution
		HideSolutionNode = FALSE
	EndGlobalSection
	GlobalSection(ExtensibilityGlobals) = postSolution
		SolutionGuid = {22F6AC94-C684-47ED-97FA-C0927CB0CEB9}
	EndGlobalSection
EndGlobal
